
Microsoft Visual Studio Solution File, Format Version 12.00
# Visual Studio 2013
VisualStudioVersion = 12.0.21005.1
MinimumVisualStudioVersion = 10.0.40219.1
Project("{FAE04EC0-301F-11D3-BF4B-00C04F79EFBC}") = "MangaDownloader", "MangaDownloader\MangaDownloader.csproj", "{7769B488-2327-4BC8-8D1B-2931AC470073}"
EndProject
Project("{FAE04EC0-301F-11D3-BF4B-00C04F79EFBC}") = "BatchRenamer", "BatchRenamer\BatchRenamer.csproj", "{4D904506-656D-41A6-8A33-812DD3D445F0}"
EndProject
Project("{FAE04EC0-301F-11D3-BF4B-00C04F79EFBC}") = "WebScraper", "WebScraper\WebScraper.csproj", "{6DA79F70-0D1E-4D1A-808C-8C7447501AC6}"
EndProject
Project("{FAE04EC0-301F-11D3-BF4B-00C04F79EFBC}") = "Converter", "Converter\Converter.csproj", "{9C876ADF-A263-4FD9-98A0-BFB7077CAE3B}"
EndProject
Project("{FAE04EC0-301F-11D3-BF4B-00C04F79EFBC}") = "Common", "Common\Common.csproj", "{39193CC4-BE97-401B-BE70-1736467566CD}"
EndProject
Global
	GlobalSection(SolutionConfigurationPlatforms) = preSolution
		Debug|Any CPU = Debug|Any CPU
		Debug|Mixed Platforms = Debug|Mixed Platforms
		Debug|x86 = Debug|x86
		Release|Any CPU = Release|Any CPU
		Release|Mixed Platforms = Release|Mixed Platforms
		Release|x86 = Release|x86
	EndGlobalSection
	GlobalSection(ProjectConfigurationPlatforms) = postSolution
		{7769B488-2327-4BC8-8D1B-2931AC470073}.Debug|Any CPU.ActiveCfg = Debug|Any CPU
		{7769B488-2327-4BC8-8D1B-2931AC470073}.Debug|Any CPU.Build.0 = Debug|Any CPU
		{7769B488-2327-4BC8-8D1B-2931AC470073}.Debug|Mixed Platforms.ActiveCfg = Debug|x86
		{7769B488-2327-4BC8-8D1B-2931AC470073}.Debug|Mixed Platforms.Build.0 = Debug|x86
		{7769B488-2327-4BC8-8D1B-2931AC470073}.Debug|x86.ActiveCfg = Debug|x86
		{7769B488-2327-4BC8-8D1B-2931AC470073}.Debug|x86.Build.0 = Debug|x86
		{7769B488-2327-4BC8-8D1B-2931AC470073}.Release|Any CPU.ActiveCfg = Release|Any CPU
		{7769B488-2327-4BC8-8D1B-2931AC470073}.Release|Any CPU.Build.0 = Release|Any CPU
		{7769B488-2327-4BC8-8D1B-2931AC470073}.Release|Mixed Platforms.ActiveCfg = Release|x86
		{7769B488-2327-4BC8-8D1B-2931AC470073}.Release|Mixed Platforms.Build.0 = Release|x86
		{7769B488-2327-4BC8-8D1B-2931AC470073}.Release|x86.ActiveCfg = Release|x86
		{7769B488-2327-4BC8-8D1B-2931AC470073}.Release|x86.Build.0 = Release|x86
		{4D904506-656D-41A6-8A33-812DD3D445F0}.Debug|Any CPU.ActiveCfg = Debug|Any CPU
		{4D904506-656D-41A6-8A33-812DD3D445F0}.Debug|Any CPU.Build.0 = Debug|Any CPU
		{4D904506-656D-41A6-8A33-812DD3D445F0}.Debug|Mixed Platforms.ActiveCfg = Debug|x86
		{4D904506-656D-41A6-8A33-812DD3D445F0}.Debug|Mixed Platforms.Build.0 = Debug|x86
		{4D904506-656D-41A6-8A33-812DD3D445F0}.Debug|x86.ActiveCfg = Debug|x86
		{4D904506-656D-41A6-8A33-812DD3D445F0}.Debug|x86.Build.0 = Debug|x86
		{4D904506-656D-41A6-8A33-812DD3D445F0}.Release|Any CPU.ActiveCfg = Release|Any CPU
		{4D904506-656D-41A6-8A33-812DD3D445F0}.Release|Any CPU.Build.0 = Release|Any CPU
		{4D904506-656D-41A6-8A33-812DD3D445F0}.Release|Mixed Platforms.ActiveCfg = Release|x86
		{4D904506-656D-41A6-8A33-812DD3D445F0}.Release|Mixed Platforms.Build.0 = Release|x86
		{4D904506-656D-41A6-8A33-812DD3D445F0}.Release|x86.ActiveCfg = Release|x86
		{4D904506-656D-41A6-8A33-812DD3D445F0}.Release|x86.Build.0 = Release|x86
		{6DA79F70-0D1E-4D1A-808C-8C7447501AC6}.Debug|Any CPU.ActiveCfg = Debug|Any CPU
		{6DA79F70-0D1E-4D1A-808C-8C7447501AC6}.Debug|Any CPU.Build.0 = Debug|Any CPU
		{6DA79F70-0D1E-4D1A-808C-8C7447501AC6}.Debug|Mixed Platforms.ActiveCfg = Debug|x86
		{6DA79F70-0D1E-4D1A-808C-8C7447501AC6}.Debug|Mixed Platforms.Build.0 = Debug|x86
		{6DA79F70-0D1E-4D1A-808C-8C7447501AC6}.Debug|x86.ActiveCfg = Debug|x86
		{6DA79F70-0D1E-4D1A-808C-8C7447501AC6}.Debug|x86.Build.0 = Debug|x86
		{6DA79F70-0D1E-4D1A-808C-8C7447501AC6}.Release|Any CPU.ActiveCfg = Release|Any CPU
		{6DA79F70-0D1E-4D1A-808C-8C7447501AC6}.Release|Any CPU.Build.0 = Release|Any CPU
		{6DA79F70-0D1E-4D1A-808C-8C7447501AC6}.Release|Mixed Platforms.ActiveCfg = Release|x86
		{6DA79F70-0D1E-4D1A-808C-8C7447501AC6}.Release|Mixed Platforms.Build.0 = Release|x86
		{6DA79F70-0D1E-4D1A-808C-8C7447501AC6}.Release|x86.ActiveCfg = Release|x86
		{6DA79F70-0D1E-4D1A-808C-8C7447501AC6}.Release|x86.Build.0 = Release|x86
		{9C876ADF-A263-4FD9-98A0-BFB7077CAE3B}.Debug|Any CPU.ActiveCfg = Debug|Any CPU
		{9C876ADF-A263-4FD9-98A0-BFB7077CAE3B}.Debug|Any CPU.Build.0 = Debug|Any CPU
		{9C876ADF-A263-4FD9-98A0-BFB7077CAE3B}.Debug|Mixed Platforms.ActiveCfg = Debug|Any CPU
		{9C876ADF-A263-4FD9-98A0-BFB7077CAE3B}.Debug|Mixed Platforms.Build.0 = Debug|Any CPU
		{9C876ADF-A263-4FD9-98A0-BFB7077CAE3B}.Debug|x86.ActiveCfg = Debug|x86
		{9C876ADF-A263-4FD9-98A0-BFB7077CAE3B}.Debug|x86.Build.0 = Debug|x86
		{9C876ADF-A263-4FD9-98A0-BFB7077CAE3B}.Release|Any CPU.ActiveCfg = Release|Any CPU
		{9C876ADF-A263-4FD9-98A0-BFB7077CAE3B}.Release|Any CPU.Build.0 = Release|Any CPU
		{9C876ADF-A263-4FD9-98A0-BFB7077CAE3B}.Release|Mixed Platforms.ActiveCfg = Release|Any CPU
		{9C876ADF-A263-4FD9-98A0-BFB7077CAE3B}.Release|Mixed Platforms.Build.0 = Release|Any CPU
		{9C876ADF-A263-4FD9-98A0-BFB7077CAE3B}.Release|x86.ActiveCfg = Release|x86
		{9C876ADF-A263-4FD9-98A0-BFB7077CAE3B}.Release|x86.Build.0 = Release|x86
		{39193CC4-BE97-401B-BE70-1736467566CD}.Debug|Any CPU.ActiveCfg = Debug|Any CPU
		{39193CC4-BE97-401B-BE70-1736467566CD}.Debug|Any CPU.Build.0 = Debug|Any CPU
		{39193CC4-BE97-401B-BE70-1736467566CD}.Debug|Mixed Platforms.ActiveCfg = Debug|Any CPU
		{39193CC4-BE97-401B-BE70-1736467566CD}.Debug|Mixed Platforms.Build.0 = Debug|Any CPU
		{39193CC4-BE97-401B-BE70-1736467566CD}.Debug|x86.ActiveCfg = Debug|x86
		{39193CC4-BE97-401B-BE70-1736467566CD}.Debug|x86.Build.0 = Debug|x86
		{39193CC4-BE97-401B-BE70-1736467566CD}.Release|Any CPU.ActiveCfg = Release|Any CPU
		{39193CC4-BE97-401B-BE70-1736467566CD}.Release|Any CPU.Build.0 = Release|Any CPU
		{39193CC4-BE97-401B-BE70-1736467566CD}.Release|Mixed Platforms.ActiveCfg = Release|Any CPU
		{39193CC4-BE97-401B-BE70-1736467566CD}.Release|Mixed Platforms.Build.0 = Release|Any CPU
		{39193CC4-BE97-401B-BE70-1736467566CD}.Release|x86.ActiveCfg = Release|x86
		{39193CC4-BE97-401B-BE70-1736467566CD}.Release|x86.Build.0 = Release|x86
	EndGlobalSection
	GlobalSection(SolutionProperties) = preSolution
		HideSolutionNode = FALSE
	EndGlobalSection
EndGlobal
